
Microsoft Visual Studio Solution File, Format Version 12.00
# Visual Studio Version 16
VisualStudioVersion = 16.0.29509.3
MinimumVisualStudioVersion = 10.0.40219.1
Project("{FAE04EC0-301F-11D3-BF4B-00C04F79EFBC}") = "PizzaReport", "PizzaReport\PizzaReport.csproj", "{C593AE50-9128-4356-805D-B43E46586D85}"
EndProject
Global
	GlobalSection(SolutionConfigurationPlatforms) = preSolution
		Debug|Any CPU = Debug|Any CPU
		Release|Any CPU = Release|Any CPU
	EndGlobalSection
	GlobalSection(ProjectConfigurationPlatforms) = postSolution
		{C593AE50-9128-4356-805D-B43E46586D85}.Debug|Any CPU.ActiveCfg = Debug|Any CPU
		{C593AE50-9128-4356-805D-B43E46586D85}.Debug|Any CPU.Build.0 = Debug|Any CPU
		{C593AE50-9128-4356-805D-B43E46586D85}.Release|Any CPU.ActiveCfg = Release|Any CPU
		{C593AE50-9128-4356-805D-B43E46586D85}.Release|Any CPU.Build.0 = Release|Any CPU
	EndGlobalSection
	GlobalSection(SolutionProperties) = preSolution
		HideSolutionNode = FALSE
	EndGlobalSection
	GlobalSection(ExtensibilityGlobals) = postSolution
		SolutionGuid = {D1E42733-A8E5-4EA2-9822-D2330C5FD133}
	EndGlobalSection
EndGlobal
